<Solution>
  <Project Path="Hotel.API/Hotel.API.csproj" Id="9044cf76-7fc3-416d-a389-8153ca2ad5da" />
  <Project Path="Hotel.Application/Hotel.Application.csproj" Id="278e2557-0ba1-4d18-9a80-a4a77b4f0712" />
  <Project Path="Hotel.Domain/Hotel.Domain.csproj" Id="910f242b-a910-49cd-89c8-ea2b81894bf8" />
  <Project Path="Hotel.Infrastructure/Hotel.Infrastructure.csproj" Id="de9f5e6a-bcc5-4751-90f8-477816f73b5f" />
</Solution>
